
Microsoft Visual Studio Solution File, Format Version 12.00
# Visual Studio Version 16
VisualStudioVersion = 25.0.1705.4
MinimumVisualStudioVersion = 10.0.40219.1
Project("{FAE04EC0-301F-11D3-BF4B-00C04F79EFBC}") = "TeliaSeleniumFramework", "TeliaSeleniumFramework\TeliaSeleniumFramework.csproj", "{96054B82-DB04-45A5-A1B6-404950732318}"
EndProject
Project("{FAE04EC0-301F-11D3-BF4B-00C04F79EFBC}") = "TeliaSeleniumTest", "TeliaSeleniumTest\TeliaSeleniumTest.csproj", "{3716CBB5-8AE2-4A0C-AB9B-1240DF83ED67}"
EndProject
Global
	GlobalSection(SolutionConfigurationPlatforms) = preSolution
		Debug|Any CPU = Debug|Any CPU
		Release|Any CPU = Release|Any CPU
	EndGlobalSection
	GlobalSection(ProjectConfigurationPlatforms) = postSolution
		{96054B82-DB04-45A5-A1B6-404950732318}.Debug|Any CPU.ActiveCfg = Debug|Any CPU
		{96054B82-DB04-45A5-A1B6-404950732318}.Debug|Any CPU.Build.0 = Debug|Any CPU
		{96054B82-DB04-45A5-A1B6-404950732318}.Release|Any CPU.ActiveCfg = Release|Any CPU
		{96054B82-DB04-45A5-A1B6-404950732318}.Release|Any CPU.Build.0 = Release|Any CPU
		{3716CBB5-8AE2-4A0C-AB9B-1240DF83ED67}.Debug|Any CPU.ActiveCfg = Debug|Any CPU
		{3716CBB5-8AE2-4A0C-AB9B-1240DF83ED67}.Debug|Any CPU.Build.0 = Debug|Any CPU
		{3716CBB5-8AE2-4A0C-AB9B-1240DF83ED67}.Release|Any CPU.ActiveCfg = Release|Any CPU
		{3716CBB5-8AE2-4A0C-AB9B-1240DF83ED67}.Release|Any CPU.Build.0 = Release|Any CPU
	EndGlobalSection
	GlobalSection(SolutionProperties) = preSolution
		HideSolutionNode = FALSE
	EndGlobalSection
	GlobalSection(ExtensibilityGlobals) = postSolution
		SolutionGuid = {648925B4-0195-4C00-B1F8-5C7A1459CF15}
	EndGlobalSection
EndGlobal
